
Microsoft Visual Studio Solution File, Format Version 12.00
# Visual Studio Version 17
VisualStudioVersion = 17.8.34525.116
MinimumVisualStudioVersion = 10.0.40219.1
Project("{9A19103F-16F7-4668-BE54-9A1E7A4F7556}") = "Diploma.Application", "Diploma.Application\Diploma.Application.csproj", "{10504ED4-32E8-4B14-954F-C8E8D30EBAC7}"
EndProject
Project("{9A19103F-16F7-4668-BE54-9A1E7A4F7556}") = "Diploma.PredictionApi", "Diploma.PredictionApi\Diploma.PredictionApi.csproj", "{F9401F31-9AD3-417A-A6BB-A4207BAF4A90}"
EndProject
Project("{9A19103F-16F7-4668-BE54-9A1E7A4F7556}") = "Diploma.Contracts", "Diploma.Contracts\Diploma.Contracts.csproj", "{05EB4297-AB5C-48A9-922E-C00E29B5FA05}"
EndProject
Project("{9A19103F-16F7-4668-BE54-9A1E7A4F7556}") = "Diploma.Domain", "Diploma.Domain\Diploma.Domain.csproj", "{B52BDF6A-D7F2-4AA4-9B52-7A86E3CD3EBD}"
EndProject
Project("{9A19103F-16F7-4668-BE54-9A1E7A4F7556}") = "Diploma.Dal.EntityFramework", "Diploma.Dal.EntityFramework\Diploma.Dal.EntityFramework.csproj", "{01008984-DCD1-4BF9-B97E-5BC14AE7C7A3}"
EndProject
Project("{9A19103F-16F7-4668-BE54-9A1E7A4F7556}") = "Diploma.Dal.Storage", "Diploma.Dal.Storage\Diploma.Dal.Storage.csproj", "{AC327D91-5865-4B5A-8C89-B806E7E8221F}"
EndProject
Project("{9A19103F-16F7-4668-BE54-9A1E7A4F7556}") = "Diploma.Dal.PythonRunTime", "Diploma.Dal.PythonRunTime\Diploma.Dal.PythonRunTime.csproj", "{81528B30-7058-4742-B5C3-E09456DA2C1E}"
EndProject
Project("{2150E333-8FDC-42A3-9474-1A3956D46DE8}") = "Tests", "Tests", "{3606A984-4A34-42EC-B72E-A9A416235D00}"
EndProject
Project("{9A19103F-16F7-4668-BE54-9A1E7A4F7556}") = "Diploma.Tests.Common", "Diploma.Tests.Common\Diploma.Tests.Common.csproj", "{DEF3224C-9AEB-4057-A64D-521282D5E255}"
EndProject
Project("{9A19103F-16F7-4668-BE54-9A1E7A4F7556}") = "Diploma.Domain.UnitTests", "Diploma.Domain.UnitTests\Diploma.Domain.UnitTests.csproj", "{D225CDC3-9E82-4050-A2D0-A8267F38FE08}"
EndProject
Project("{9A19103F-16F7-4668-BE54-9A1E7A4F7556}") = "Diploma.Dal.RedisCache", "Diploma.Dal.RedisCache\Diploma.Dal.RedisCache.csproj", "{6E0878A0-35CE-4DFA-ADA3-AA0BA5C4B423}"
EndProject
Global
	GlobalSection(SolutionConfigurationPlatforms) = preSolution
		Debug|Any CPU = Debug|Any CPU
		Release|Any CPU = Release|Any CPU
	EndGlobalSection
	GlobalSection(ProjectConfigurationPlatforms) = postSolution
		{10504ED4-32E8-4B14-954F-C8E8D30EBAC7}.Debug|Any CPU.ActiveCfg = Debug|Any CPU
		{10504ED4-32E8-4B14-954F-C8E8D30EBAC7}.Debug|Any CPU.Build.0 = Debug|Any CPU
		{10504ED4-32E8-4B14-954F-C8E8D30EBAC7}.Release|Any CPU.ActiveCfg = Release|Any CPU
		{10504ED4-32E8-4B14-954F-C8E8D30EBAC7}.Release|Any CPU.Build.0 = Release|Any CPU
		{F9401F31-9AD3-417A-A6BB-A4207BAF4A90}.Debug|Any CPU.ActiveCfg = Debug|Any CPU
		{F9401F31-9AD3-417A-A6BB-A4207BAF4A90}.Debug|Any CPU.Build.0 = Debug|Any CPU
		{F9401F31-9AD3-417A-A6BB-A4207BAF4A90}.Release|Any CPU.ActiveCfg = Release|Any CPU
		{F9401F31-9AD3-417A-A6BB-A4207BAF4A90}.Release|Any CPU.Build.0 = Release|Any CPU
		{05EB4297-AB5C-48A9-922E-C00E29B5FA05}.Debug|Any CPU.ActiveCfg = Debug|Any CPU
		{05EB4297-AB5C-48A9-922E-C00E29B5FA05}.Debug|Any CPU.Build.0 = Debug|Any CPU
		{05EB4297-AB5C-48A9-922E-C00E29B5FA05}.Release|Any CPU.ActiveCfg = Release|Any CPU
		{05EB4297-AB5C-48A9-922E-C00E29B5FA05}.Release|Any CPU.Build.0 = Release|Any CPU
		{B52BDF6A-D7F2-4AA4-9B52-7A86E3CD3EBD}.Debug|Any CPU.ActiveCfg = Debug|Any CPU
		{B52BDF6A-D7F2-4AA4-9B52-7A86E3CD3EBD}.Debug|Any CPU.Build.0 = Debug|Any CPU
		{B52BDF6A-D7F2-4AA4-9B52-7A86E3CD3EBD}.Release|Any CPU.ActiveCfg = Release|Any CPU
		{B52BDF6A-D7F2-4AA4-9B52-7A86E3CD3EBD}.Release|Any CPU.Build.0 = Release|Any CPU
		{01008984-DCD1-4BF9-B97E-5BC14AE7C7A3}.Debug|Any CPU.ActiveCfg = Debug|Any CPU
		{01008984-DCD1-4BF9-B97E-5BC14AE7C7A3}.Debug|Any CPU.Build.0 = Debug|Any CPU
		{01008984-DCD1-4BF9-B97E-5BC14AE7C7A3}.Release|Any CPU.ActiveCfg = Release|Any CPU
		{01008984-DCD1-4BF9-B97E-5BC14AE7C7A3}.Release|Any CPU.Build.0 = Release|Any CPU
		{AC327D91-5865-4B5A-8C89-B806E7E8221F}.Debug|Any CPU.ActiveCfg = Debug|Any CPU
		{AC327D91-5865-4B5A-8C89-B806E7E8221F}.Debug|Any CPU.Build.0 = Debug|Any CPU
		{AC327D91-5865-4B5A-8C89-B806E7E8221F}.Release|Any CPU.ActiveCfg = Release|Any CPU
		{AC327D91-5865-4B5A-8C89-B806E7E8221F}.Release|Any CPU.Build.0 = Release|Any CPU
		{81528B30-7058-4742-B5C3-E09456DA2C1E}.Debug|Any CPU.ActiveCfg = Debug|Any CPU
		{81528B30-7058-4742-B5C3-E09456DA2C1E}.Debug|Any CPU.Build.0 = Debug|Any CPU
		{81528B30-7058-4742-B5C3-E09456DA2C1E}.Release|Any CPU.ActiveCfg = Release|Any CPU
		{81528B30-7058-4742-B5C3-E09456DA2C1E}.Release|Any CPU.Build.0 = Release|Any CPU
		{DEF3224C-9AEB-4057-A64D-521282D5E255}.Debug|Any CPU.ActiveCfg = Debug|Any CPU
		{DEF3224C-9AEB-4057-A64D-521282D5E255}.Debug|Any CPU.Build.0 = Debug|Any CPU
		{DEF3224C-9AEB-4057-A64D-521282D5E255}.Release|Any CPU.ActiveCfg = Release|Any CPU
		{DEF3224C-9AEB-4057-A64D-521282D5E255}.Release|Any CPU.Build.0 = Release|Any CPU
		{D225CDC3-9E82-4050-A2D0-A8267F38FE08}.Debug|Any CPU.ActiveCfg = Debug|Any CPU
		{D225CDC3-9E82-4050-A2D0-A8267F38FE08}.Debug|Any CPU.Build.0 = Debug|Any CPU
		{D225CDC3-9E82-4050-A2D0-A8267F38FE08}.Release|Any CPU.ActiveCfg = Release|Any CPU
		{D225CDC3-9E82-4050-A2D0-A8267F38FE08}.Release|Any CPU.Build.0 = Release|Any CPU
		{6E0878A0-35CE-4DFA-ADA3-AA0BA5C4B423}.Debug|Any CPU.ActiveCfg = Debug|Any CPU
		{6E0878A0-35CE-4DFA-ADA3-AA0BA5C4B423}.Debug|Any CPU.Build.0 = Debug|Any CPU
		{6E0878A0-35CE-4DFA-ADA3-AA0BA5C4B423}.Release|Any CPU.ActiveCfg = Release|Any CPU
		{6E0878A0-35CE-4DFA-ADA3-AA0BA5C4B423}.Release|Any CPU.Build.0 = Release|Any CPU
	EndGlobalSection
	GlobalSection(SolutionProperties) = preSolution
		HideSolutionNode = FALSE
	EndGlobalSection
	GlobalSection(NestedProjects) = preSolution
		{DEF3224C-9AEB-4057-A64D-521282D5E255} = {3606A984-4A34-42EC-B72E-A9A416235D00}
		{D225CDC3-9E82-4050-A2D0-A8267F38FE08} = {3606A984-4A34-42EC-B72E-A9A416235D00}
	EndGlobalSection
	GlobalSection(ExtensibilityGlobals) = postSolution
		SolutionGuid = {381A1E84-5D3C-431C-95EC-5D0299BA04E9}
	EndGlobalSection
EndGlobal
